
Microsoft Visual Studio Solution File, Format Version 12.00
# Visual Studio Version 17
VisualStudioVersion = 17.5.33424.131
MinimumVisualStudioVersion = 10.0.40219.1
Project("{2150E333-8FDC-42A3-9474-1A3956D46DE8}") = "src", "src", "{B931A197-4F85-4DF3-8E57-C8DB3722EFC9}"
EndProject
Project("{2150E333-8FDC-42A3-9474-1A3956D46DE8}") = "samples", "samples", "{CE76A61D-C643-4C9B-8E29-1A0B059BA28E}"
EndProject
Project("{2150E333-8FDC-42A3-9474-1A3956D46DE8}") = "Solution Items", "Solution Items", "{FAFEAC56-7CEF-4B54-9134-0FF97BA647B0}"
	ProjectSection(SolutionItems) = preProject
		Directory.Build.props = Directory.Build.props
		README.md = README.md
	EndProjectSection
EndProject
Project("{9A19103F-16F7-4668-BE54-9A1E7A4F7556}") = "FormaUI", "src\FormaUI\FormaUI.csproj", "{369AC4DE-E4A5-4F1B-8B33-943FE1F34995}"
EndProject
Project("{9A19103F-16F7-4668-BE54-9A1E7A4F7556}") = "FormaUI.Demo.ControlSample", "samples\FormaUI.Demo.ControlSample\FormaUI.Demo.ControlSample.csproj", "{E7F85AAC-9ED7-45A1-A22F-FF44C95B3BE4}"
EndProject
Project("{2150E333-8FDC-42A3-9474-1A3956D46DE8}") = ".github", ".github", "{08C8034E-F872-458F-9CE4-F1FA8FCC943A}"
EndProject
Project("{2150E333-8FDC-42A3-9474-1A3956D46DE8}") = "workflows", "workflows", "{3284C369-B5C1-4460-A9AE-94DEE6916917}"
	ProjectSection(SolutionItems) = preProject
		.github\workflows\build.yaml = .github\workflows\build.yaml
	EndProjectSection
EndProject
Global
	GlobalSection(SolutionConfigurationPlatforms) = preSolution
		Debug|Any CPU = Debug|Any CPU
		Release|Any CPU = Release|Any CPU
	EndGlobalSection
	GlobalSection(ProjectConfigurationPlatforms) = postSolution
		{369AC4DE-E4A5-4F1B-8B33-943FE1F34995}.Debug|Any CPU.ActiveCfg = Debug|Any CPU
		{369AC4DE-E4A5-4F1B-8B33-943FE1F34995}.Debug|Any CPU.Build.0 = Debug|Any CPU
		{369AC4DE-E4A5-4F1B-8B33-943FE1F34995}.Release|Any CPU.ActiveCfg = Release|Any CPU
		{369AC4DE-E4A5-4F1B-8B33-943FE1F34995}.Release|Any CPU.Build.0 = Release|Any CPU
		{E7F85AAC-9ED7-45A1-A22F-FF44C95B3BE4}.Debug|Any CPU.ActiveCfg = Debug|Any CPU
		{E7F85AAC-9ED7-45A1-A22F-FF44C95B3BE4}.Debug|Any CPU.Build.0 = Debug|Any CPU
		{E7F85AAC-9ED7-45A1-A22F-FF44C95B3BE4}.Release|Any CPU.ActiveCfg = Release|Any CPU
		{E7F85AAC-9ED7-45A1-A22F-FF44C95B3BE4}.Release|Any CPU.Build.0 = Release|Any CPU
	EndGlobalSection
	GlobalSection(SolutionProperties) = preSolution
		HideSolutionNode = FALSE
	EndGlobalSection
	GlobalSection(NestedProjects) = preSolution
		{369AC4DE-E4A5-4F1B-8B33-943FE1F34995} = {B931A197-4F85-4DF3-8E57-C8DB3722EFC9}
		{E7F85AAC-9ED7-45A1-A22F-FF44C95B3BE4} = {CE76A61D-C643-4C9B-8E29-1A0B059BA28E}
		{3284C369-B5C1-4460-A9AE-94DEE6916917} = {08C8034E-F872-458F-9CE4-F1FA8FCC943A}
	EndGlobalSection
	GlobalSection(ExtensibilityGlobals) = postSolution
		SolutionGuid = {DE03720E-84DC-49E1-8C67-FA57170FF1B2}
	EndGlobalSection
EndGlobal
